
Microsoft Visual Studio Solution File, Format Version 12.00
# Visual Studio Version 17
VisualStudioVersion = 17.8.34309.116
MinimumVisualStudioVersion = 10.0.40219.1
Project("{FAE04EC0-301F-11D3-BF4B-00C04F79EFBC}") = "Task 6", "Task 6\Task 6.csproj", "{F676B367-6599-4D28-85BD-C1B6A8072C5E}"
EndProject
Global
	GlobalSection(SolutionConfigurationPlatforms) = preSolution
		Debug|Any CPU = Debug|Any CPU
		Release|Any CPU = Release|Any CPU
	EndGlobalSection
	GlobalSection(ProjectConfigurationPlatforms) = postSolution
		{F676B367-6599-4D28-85BD-C1B6A8072C5E}.Debug|Any CPU.ActiveCfg = Debug|Any CPU
		{F676B367-6599-4D28-85BD-C1B6A8072C5E}.Debug|Any CPU.Build.0 = Debug|Any CPU
		{F676B367-6599-4D28-85BD-C1B6A8072C5E}.Release|Any CPU.ActiveCfg = Release|Any CPU
		{F676B367-6599-4D28-85BD-C1B6A8072C5E}.Release|Any CPU.Build.0 = Release|Any CPU
	EndGlobalSection
	GlobalSection(SolutionProperties) = preSolution
		HideSolutionNode = FALSE
	EndGlobalSection
	GlobalSection(ExtensibilityGlobals) = postSolution
		SolutionGuid = {3A81A8E0-AFB3-4156-9251-24BEFF446078}
	EndGlobalSection
EndGlobal
